
Microsoft Visual Studio Solution File, Format Version 12.00
# Visual Studio Express 15 for Windows Desktop
VisualStudioVersion = 15.0.27703.2035
MinimumVisualStudioVersion = 10.0.40219.1
Project("{FAE04EC0-301F-11D3-BF4B-00C04F79EFBC}") = "CodeWars_CSharp_Solutions", "CodeWars_CSharp_Solutions\CodeWars_CSharp_Solutions.csproj", "{90B1B027-2E76-47CE-A58E-597370117FDA}"
EndProject
Global
	GlobalSection(SolutionConfigurationPlatforms) = preSolution
		Debug|Any CPU = Debug|Any CPU
		Release|Any CPU = Release|Any CPU
	EndGlobalSection
	GlobalSection(ProjectConfigurationPlatforms) = postSolution
		{90B1B027-2E76-47CE-A58E-597370117FDA}.Debug|Any CPU.ActiveCfg = Debug|Any CPU
		{90B1B027-2E76-47CE-A58E-597370117FDA}.Debug|Any CPU.Build.0 = Debug|Any CPU
		{90B1B027-2E76-47CE-A58E-597370117FDA}.Release|Any CPU.ActiveCfg = Release|Any CPU
		{90B1B027-2E76-47CE-A58E-597370117FDA}.Release|Any CPU.Build.0 = Release|Any CPU
	EndGlobalSection
	GlobalSection(SolutionProperties) = preSolution
		HideSolutionNode = FALSE
	EndGlobalSection
	GlobalSection(ExtensibilityGlobals) = postSolution
		SolutionGuid = {216AC172-5742-4316-B6C5-76C39046EBFC}
	EndGlobalSection
EndGlobal
